
Microsoft Visual Studio Solution File, Format Version 12.00
# Visual Studio Version 17
VisualStudioVersion = 17.9.34723.18
MinimumVisualStudioVersion = 10.0.40219.1
Project("{FAE04EC0-301F-11D3-BF4B-00C04F79EFBC}") = "CafeManagementSystem", "CafeManagementSystem\CafeManagementSystem.csproj", "{12E0B422-61A9-4AA0-AB04-E9607EDDF6C6}"
EndProject
Global
	GlobalSection(SolutionConfigurationPlatforms) = preSolution
		Debug|Any CPU = Debug|Any CPU
		Release|Any CPU = Release|Any CPU
	EndGlobalSection
	GlobalSection(ProjectConfigurationPlatforms) = postSolution
		{12E0B422-61A9-4AA0-AB04-E9607EDDF6C6}.Debug|Any CPU.ActiveCfg = Debug|Any CPU
		{12E0B422-61A9-4AA0-AB04-E9607EDDF6C6}.Debug|Any CPU.Build.0 = Debug|Any CPU
		{12E0B422-61A9-4AA0-AB04-E9607EDDF6C6}.Release|Any CPU.ActiveCfg = Release|Any CPU
		{12E0B422-61A9-4AA0-AB04-E9607EDDF6C6}.Release|Any CPU.Build.0 = Release|Any CPU
	EndGlobalSection
	GlobalSection(SolutionProperties) = preSolution
		HideSolutionNode = FALSE
	EndGlobalSection
	GlobalSection(ExtensibilityGlobals) = postSolution
		SolutionGuid = {7E4F8952-0F43-435C-963F-3DB5989C1F35}
	EndGlobalSection
EndGlobal
